{
  "name": "ziid2",
  "lockfileVersion": 3,
  "requires": true,
  "packages": {
    "": {
      "dependencies": {
        "devalue": "^5.8.1"
      }
    },
    "node_modules/devalue": {
      "version": "5.8.1",
      "resolved": "https://registry.npmjs.org/devalue/-/devalue-5.8.1.tgz",
      "integrity": "sha512-4CXDYRBGqN+57wVJkuXBYmpAVUSg3L6JAQa/DFqm238G73E1wuyc/JhGQJzN7vUf/CMphYau2zXbfWzDR5aTEw==",
      "license": "MIT"
    }
  }
}
